
Microsoft Visual Studio Solution File, Format Version 12.00
# Visual Studio Version 17
VisualStudioVersion = 17.2.32616.157
MinimumVisualStudioVersion = 10.0.40219.1
Project("{FAE04EC0-301F-11D3-BF4B-00C04F79EFBC}") = "PigLatinLab", "PigLatinLab\PigLatinLab.csproj", "{1556E6B7-B14F-4A5C-8497-3E8B968447CE}"
EndProject
Global
	GlobalSection(SolutionConfigurationPlatforms) = preSolution
		Debug|Any CPU = Debug|Any CPU
		Release|Any CPU = Release|Any CPU
	EndGlobalSection
	GlobalSection(ProjectConfigurationPlatforms) = postSolution
		{1556E6B7-B14F-4A5C-8497-3E8B968447CE}.Debug|Any CPU.ActiveCfg = Debug|Any CPU
		{1556E6B7-B14F-4A5C-8497-3E8B968447CE}.Debug|Any CPU.Build.0 = Debug|Any CPU
		{1556E6B7-B14F-4A5C-8497-3E8B968447CE}.Release|Any CPU.ActiveCfg = Release|Any CPU
		{1556E6B7-B14F-4A5C-8497-3E8B968447CE}.Release|Any CPU.Build.0 = Release|Any CPU
	EndGlobalSection
	GlobalSection(SolutionProperties) = preSolution
		HideSolutionNode = FALSE
	EndGlobalSection
	GlobalSection(ExtensibilityGlobals) = postSolution
		SolutionGuid = {FCBCB42C-25FD-425D-B50B-86866C99F9A4}
	EndGlobalSection
EndGlobal
